
Microsoft Visual Studio Solution File, Format Version 12.00
# Visual Studio Version 17
VisualStudioVersion = 17.2.32526.322
MinimumVisualStudioVersion = 10.0.40219.1
Project("{9A19103F-16F7-4668-BE54-9A1E7A4F7556}") = "CheckersLogic", "DamkeGame-Logic\CheckersLogic.csproj", "{334FF963-D8B6-4FDC-882E-A74AED0229F3}"
EndProject
Project("{9A19103F-16F7-4668-BE54-9A1E7A4F7556}") = "CheckersConsoleUI", "DamkaUI\CheckersConsoleUI.csproj", "{33CCEEA8-ACD4-41CA-B6B2-40977A5EBB73}"
EndProject
Project("{9A19103F-16F7-4668-BE54-9A1E7A4F7556}") = "CheckersWinFormUI", "CheckersWinFormUI\CheckersWinFormUI.csproj", "{2A0BC9DF-9CF2-453D-BFFF-A7D82A380D58}"
EndProject
Global
	GlobalSection(SolutionConfigurationPlatforms) = preSolution
		Debug|Any CPU = Debug|Any CPU
		Release|Any CPU = Release|Any CPU
	EndGlobalSection
	GlobalSection(ProjectConfigurationPlatforms) = postSolution
		{334FF963-D8B6-4FDC-882E-A74AED0229F3}.Debug|Any CPU.ActiveCfg = Debug|Any CPU
		{334FF963-D8B6-4FDC-882E-A74AED0229F3}.Debug|Any CPU.Build.0 = Debug|Any CPU
		{334FF963-D8B6-4FDC-882E-A74AED0229F3}.Release|Any CPU.ActiveCfg = Release|Any CPU
		{334FF963-D8B6-4FDC-882E-A74AED0229F3}.Release|Any CPU.Build.0 = Release|Any CPU
		{33CCEEA8-ACD4-41CA-B6B2-40977A5EBB73}.Debug|Any CPU.ActiveCfg = Debug|Any CPU
		{33CCEEA8-ACD4-41CA-B6B2-40977A5EBB73}.Debug|Any CPU.Build.0 = Debug|Any CPU
		{33CCEEA8-ACD4-41CA-B6B2-40977A5EBB73}.Release|Any CPU.ActiveCfg = Release|Any CPU
		{33CCEEA8-ACD4-41CA-B6B2-40977A5EBB73}.Release|Any CPU.Build.0 = Release|Any CPU
		{2A0BC9DF-9CF2-453D-BFFF-A7D82A380D58}.Debug|Any CPU.ActiveCfg = Debug|Any CPU
		{2A0BC9DF-9CF2-453D-BFFF-A7D82A380D58}.Debug|Any CPU.Build.0 = Debug|Any CPU
		{2A0BC9DF-9CF2-453D-BFFF-A7D82A380D58}.Release|Any CPU.ActiveCfg = Release|Any CPU
		{2A0BC9DF-9CF2-453D-BFFF-A7D82A380D58}.Release|Any CPU.Build.0 = Release|Any CPU
	EndGlobalSection
	GlobalSection(SolutionProperties) = preSolution
		HideSolutionNode = FALSE
	EndGlobalSection
	GlobalSection(ExtensibilityGlobals) = postSolution
		SolutionGuid = {D55A7CF1-D96A-41D8-BCF6-A4258A78A343}
	EndGlobalSection
EndGlobal
