
Microsoft Visual Studio Solution File, Format Version 12.00
# Visual Studio Version 17
VisualStudioVersion = 17.2.32526.322
MinimumVisualStudioVersion = 10.0.40219.1
Project("{9A19103F-16F7-4668-BE54-9A1E7A4F7556}") = "CheckersWinFormUI", "CheckersWinFormUI\CheckersWinFormUI.csproj", "{2A0BC9DF-9CF2-453D-BFFF-A7D82A380D58}"
EndProject
Project("{9A19103F-16F7-4668-BE54-9A1E7A4F7556}") = "CheckersLogic", "CheckersGameLogic\CheckersLogic.csproj", "{AB1700C7-BEDC-4CF9-BDF9-C193DE29E36C}"
EndProject
Project("{9A19103F-16F7-4668-BE54-9A1E7A4F7556}") = "CheckersConsoleUI", "CheckersConsoleUI\CheckersConsoleUI.csproj", "{181627F2-8474-42AA-9744-566C4CF9C847}"
EndProject
Global
	GlobalSection(SolutionConfigurationPlatforms) = preSolution
		Debug|Any CPU = Debug|Any CPU
		Release|Any CPU = Release|Any CPU
	EndGlobalSection
	GlobalSection(ProjectConfigurationPlatforms) = postSolution
		{2A0BC9DF-9CF2-453D-BFFF-A7D82A380D58}.Debug|Any CPU.ActiveCfg = Debug|Any CPU
		{2A0BC9DF-9CF2-453D-BFFF-A7D82A380D58}.Debug|Any CPU.Build.0 = Debug|Any CPU
		{2A0BC9DF-9CF2-453D-BFFF-A7D82A380D58}.Release|Any CPU.ActiveCfg = Release|Any CPU
		{2A0BC9DF-9CF2-453D-BFFF-A7D82A380D58}.Release|Any CPU.Build.0 = Release|Any CPU
		{AB1700C7-BEDC-4CF9-BDF9-C193DE29E36C}.Debug|Any CPU.ActiveCfg = Debug|Any CPU
		{AB1700C7-BEDC-4CF9-BDF9-C193DE29E36C}.Debug|Any CPU.Build.0 = Debug|Any CPU
		{AB1700C7-BEDC-4CF9-BDF9-C193DE29E36C}.Release|Any CPU.ActiveCfg = Release|Any CPU
		{AB1700C7-BEDC-4CF9-BDF9-C193DE29E36C}.Release|Any CPU.Build.0 = Release|Any CPU
		{181627F2-8474-42AA-9744-566C4CF9C847}.Debug|Any CPU.ActiveCfg = Debug|Any CPU
		{181627F2-8474-42AA-9744-566C4CF9C847}.Debug|Any CPU.Build.0 = Debug|Any CPU
		{181627F2-8474-42AA-9744-566C4CF9C847}.Release|Any CPU.ActiveCfg = Release|Any CPU
		{181627F2-8474-42AA-9744-566C4CF9C847}.Release|Any CPU.Build.0 = Release|Any CPU
	EndGlobalSection
	GlobalSection(SolutionProperties) = preSolution
		HideSolutionNode = FALSE
	EndGlobalSection
	GlobalSection(ExtensibilityGlobals) = postSolution
		SolutionGuid = {D55A7CF1-D96A-41D8-BCF6-A4258A78A343}
	EndGlobalSection
EndGlobal
